
Microsoft Visual Studio Solution File, Format Version 12.00
# Visual Studio Version 17
VisualStudioVersion = 17.6.33723.286
MinimumVisualStudioVersion = 15.0.26124.0
Project("{9A19103F-16F7-4668-BE54-9A1E7A4F7556}") = "BusinessCalendar.WebAPI", "BusinessCalendar.WebAPI\BusinessCalendar.WebAPI.csproj", "{17AC6655-47F7-4B3D-8C6B-0CB35F540B79}"
EndProject
Project("{9A19103F-16F7-4668-BE54-9A1E7A4F7556}") = "BusinessCalendar.Domain", "BusinessCalendar.Domain\BusinessCalendar.Domain.csproj", "{7368F9ED-A3E4-4158-AA1F-7F58E24AD781}"
EndProject
Project("{9A19103F-16F7-4668-BE54-9A1E7A4F7556}") = "BusinessCalendar.MongoDb", "Storage\BusinessCalendar.MongoDb\BusinessCalendar.MongoDb.csproj", "{4F4161A0-EF97-4758-97F0-6A2166254C16}"
EndProject
Project("{9A19103F-16F7-4668-BE54-9A1E7A4F7556}") = "BusinessCalendar.Tests", "BusinessCalendar.Tests\BusinessCalendar.Tests.csproj", "{218886FD-9E2B-484B-ACD3-1BA67BC058B1}"
EndProject
Project("{9A19103F-16F7-4668-BE54-9A1E7A4F7556}") = "BusinessCalendar.Client", "BusinessCalendar.Client\BusinessCalendar.Client.csproj", "{24E6D88E-AAFC-4F88-BBAE-5ABCFF80652D}"
EndProject
Project("{FAE04EC0-301F-11D3-BF4B-00C04F79EFBC}") = "BusinessCalendar.Client.Tests", "BusinessCalendar.Client.Tests\BusinessCalendar.Client.Tests.csproj", "{74D2D0D1-F20B-4975-92CC-97D3AFD51EB3}"
EndProject
Project("{FAE04EC0-301F-11D3-BF4B-00C04F79EFBC}") = "BusinessCalendar.Demo", "BusinessCalendar.Demo\BusinessCalendar.Demo.csproj", "{F1F62B72-65F7-46C4-A0DC-45FAA4CEE875}"
EndProject
Project("{FAE04EC0-301F-11D3-BF4B-00C04F79EFBC}") = "BusinessCalendar.Postgres", "Storage\BusinessCalendar.Postgres\BusinessCalendar.Postgres.csproj", "{30ED1D67-410D-4990-8094-153B89A0FFE4}"
EndProject
Project("{FAE04EC0-301F-11D3-BF4B-00C04F79EFBC}") = "BusinessCalendar.SqlMigrations", "Storage\BusinessCalendar.SqlMigrations\BusinessCalendar.SqlMigrations.csproj", "{7BEAC15D-06B3-4C8E-B580-6A7127530054}"
EndProject
Project("{2150E333-8FDC-42A3-9474-1A3956D46DE8}") = "Docker", "Docker", "{E6E0F2DC-FF4B-4A82-AD40-26D457BB6EA3}"
	ProjectSection(SolutionItems) = preProject
		compose-base.yml = compose-base.yml
		compose-mongo.yml = compose-mongo.yml
		compose-mongo-auth.yml = compose-mongo-auth.yml
		compose-postgres.yml = compose-postgres.yml
		README.md = README.md
		.env = .env
	EndProjectSection
EndProject
Project("{2150E333-8FDC-42A3-9474-1A3956D46DE8}") = "Storage", "Storage", "{A1811128-D03F-4732-9AEE-667264710B07}"
	ProjectSection(SolutionItems) = preProject
		Storage\README.md = Storage\README.md
	EndProjectSection
EndProject
Global
	GlobalSection(SolutionConfigurationPlatforms) = preSolution
		Debug|Any CPU = Debug|Any CPU
		Debug|x64 = Debug|x64
		Debug|x86 = Debug|x86
		Release|Any CPU = Release|Any CPU
		Release|x64 = Release|x64
		Release|x86 = Release|x86
	EndGlobalSection
	GlobalSection(ProjectConfigurationPlatforms) = postSolution
		{17AC6655-47F7-4B3D-8C6B-0CB35F540B79}.Debug|Any CPU.ActiveCfg = Debug|Any CPU
		{17AC6655-47F7-4B3D-8C6B-0CB35F540B79}.Debug|Any CPU.Build.0 = Debug|Any CPU
		{17AC6655-47F7-4B3D-8C6B-0CB35F540B79}.Debug|x64.ActiveCfg = Debug|Any CPU
		{17AC6655-47F7-4B3D-8C6B-0CB35F540B79}.Debug|x64.Build.0 = Debug|Any CPU
		{17AC6655-47F7-4B3D-8C6B-0CB35F540B79}.Debug|x86.ActiveCfg = Debug|Any CPU
		{17AC6655-47F7-4B3D-8C6B-0CB35F540B79}.Debug|x86.Build.0 = Debug|Any CPU
		{17AC6655-47F7-4B3D-8C6B-0CB35F540B79}.Release|Any CPU.ActiveCfg = Release|Any CPU
		{17AC6655-47F7-4B3D-8C6B-0CB35F540B79}.Release|Any CPU.Build.0 = Release|Any CPU
		{17AC6655-47F7-4B3D-8C6B-0CB35F540B79}.Release|x64.ActiveCfg = Release|Any CPU
		{17AC6655-47F7-4B3D-8C6B-0CB35F540B79}.Release|x64.Build.0 = Release|Any CPU
		{17AC6655-47F7-4B3D-8C6B-0CB35F540B79}.Release|x86.ActiveCfg = Release|Any CPU
		{17AC6655-47F7-4B3D-8C6B-0CB35F540B79}.Release|x86.Build.0 = Release|Any CPU
		{7368F9ED-A3E4-4158-AA1F-7F58E24AD781}.Debug|Any CPU.ActiveCfg = Debug|Any CPU
		{7368F9ED-A3E4-4158-AA1F-7F58E24AD781}.Debug|Any CPU.Build.0 = Debug|Any CPU
		{7368F9ED-A3E4-4158-AA1F-7F58E24AD781}.Debug|x64.ActiveCfg = Debug|Any CPU
		{7368F9ED-A3E4-4158-AA1F-7F58E24AD781}.Debug|x64.Build.0 = Debug|Any CPU
		{7368F9ED-A3E4-4158-AA1F-7F58E24AD781}.Debug|x86.ActiveCfg = Debug|Any CPU
		{7368F9ED-A3E4-4158-AA1F-7F58E24AD781}.Debug|x86.Build.0 = Debug|Any CPU
		{7368F9ED-A3E4-4158-AA1F-7F58E24AD781}.Release|Any CPU.ActiveCfg = Release|Any CPU
		{7368F9ED-A3E4-4158-AA1F-7F58E24AD781}.Release|Any CPU.Build.0 = Release|Any CPU
		{7368F9ED-A3E4-4158-AA1F-7F58E24AD781}.Release|x64.ActiveCfg = Release|Any CPU
		{7368F9ED-A3E4-4158-AA1F-7F58E24AD781}.Release|x64.Build.0 = Release|Any CPU
		{7368F9ED-A3E4-4158-AA1F-7F58E24AD781}.Release|x86.ActiveCfg = Release|Any CPU
		{7368F9ED-A3E4-4158-AA1F-7F58E24AD781}.Release|x86.Build.0 = Release|Any CPU
		{4F4161A0-EF97-4758-97F0-6A2166254C16}.Debug|Any CPU.ActiveCfg = Debug|Any CPU
		{4F4161A0-EF97-4758-97F0-6A2166254C16}.Debug|Any CPU.Build.0 = Debug|Any CPU
		{4F4161A0-EF97-4758-97F0-6A2166254C16}.Debug|x64.ActiveCfg = Debug|Any CPU
		{4F4161A0-EF97-4758-97F0-6A2166254C16}.Debug|x64.Build.0 = Debug|Any CPU
		{4F4161A0-EF97-4758-97F0-6A2166254C16}.Debug|x86.ActiveCfg = Debug|Any CPU
		{4F4161A0-EF97-4758-97F0-6A2166254C16}.Debug|x86.Build.0 = Debug|Any CPU
		{4F4161A0-EF97-4758-97F0-6A2166254C16}.Release|Any CPU.ActiveCfg = Release|Any CPU
		{4F4161A0-EF97-4758-97F0-6A2166254C16}.Release|Any CPU.Build.0 = Release|Any CPU
		{4F4161A0-EF97-4758-97F0-6A2166254C16}.Release|x64.ActiveCfg = Release|Any CPU
		{4F4161A0-EF97-4758-97F0-6A2166254C16}.Release|x64.Build.0 = Release|Any CPU
		{4F4161A0-EF97-4758-97F0-6A2166254C16}.Release|x86.ActiveCfg = Release|Any CPU
		{4F4161A0-EF97-4758-97F0-6A2166254C16}.Release|x86.Build.0 = Release|Any CPU
		{218886FD-9E2B-484B-ACD3-1BA67BC058B1}.Debug|Any CPU.ActiveCfg = Debug|Any CPU
		{218886FD-9E2B-484B-ACD3-1BA67BC058B1}.Debug|Any CPU.Build.0 = Debug|Any CPU
		{218886FD-9E2B-484B-ACD3-1BA67BC058B1}.Debug|x64.ActiveCfg = Debug|Any CPU
		{218886FD-9E2B-484B-ACD3-1BA67BC058B1}.Debug|x64.Build.0 = Debug|Any CPU
		{218886FD-9E2B-484B-ACD3-1BA67BC058B1}.Debug|x86.ActiveCfg = Debug|Any CPU
		{218886FD-9E2B-484B-ACD3-1BA67BC058B1}.Debug|x86.Build.0 = Debug|Any CPU
		{218886FD-9E2B-484B-ACD3-1BA67BC058B1}.Release|Any CPU.ActiveCfg = Release|Any CPU
		{218886FD-9E2B-484B-ACD3-1BA67BC058B1}.Release|Any CPU.Build.0 = Release|Any CPU
		{218886FD-9E2B-484B-ACD3-1BA67BC058B1}.Release|x64.ActiveCfg = Release|Any CPU
		{218886FD-9E2B-484B-ACD3-1BA67BC058B1}.Release|x64.Build.0 = Release|Any CPU
		{218886FD-9E2B-484B-ACD3-1BA67BC058B1}.Release|x86.ActiveCfg = Release|Any CPU
		{218886FD-9E2B-484B-ACD3-1BA67BC058B1}.Release|x86.Build.0 = Release|Any CPU
		{24E6D88E-AAFC-4F88-BBAE-5ABCFF80652D}.Debug|Any CPU.ActiveCfg = Debug|Any CPU
		{24E6D88E-AAFC-4F88-BBAE-5ABCFF80652D}.Debug|Any CPU.Build.0 = Debug|Any CPU
		{24E6D88E-AAFC-4F88-BBAE-5ABCFF80652D}.Debug|x64.ActiveCfg = Debug|Any CPU
		{24E6D88E-AAFC-4F88-BBAE-5ABCFF80652D}.Debug|x64.Build.0 = Debug|Any CPU
		{24E6D88E-AAFC-4F88-BBAE-5ABCFF80652D}.Debug|x86.ActiveCfg = Debug|Any CPU
		{24E6D88E-AAFC-4F88-BBAE-5ABCFF80652D}.Debug|x86.Build.0 = Debug|Any CPU
		{24E6D88E-AAFC-4F88-BBAE-5ABCFF80652D}.Release|Any CPU.ActiveCfg = Release|Any CPU
		{24E6D88E-AAFC-4F88-BBAE-5ABCFF80652D}.Release|Any CPU.Build.0 = Release|Any CPU
		{24E6D88E-AAFC-4F88-BBAE-5ABCFF80652D}.Release|x64.ActiveCfg = Release|Any CPU
		{24E6D88E-AAFC-4F88-BBAE-5ABCFF80652D}.Release|x64.Build.0 = Release|Any CPU
		{24E6D88E-AAFC-4F88-BBAE-5ABCFF80652D}.Release|x86.ActiveCfg = Release|Any CPU
		{24E6D88E-AAFC-4F88-BBAE-5ABCFF80652D}.Release|x86.Build.0 = Release|Any CPU
		{74D2D0D1-F20B-4975-92CC-97D3AFD51EB3}.Debug|Any CPU.ActiveCfg = Debug|Any CPU
		{74D2D0D1-F20B-4975-92CC-97D3AFD51EB3}.Debug|Any CPU.Build.0 = Debug|Any CPU
		{74D2D0D1-F20B-4975-92CC-97D3AFD51EB3}.Debug|x64.ActiveCfg = Debug|Any CPU
		{74D2D0D1-F20B-4975-92CC-97D3AFD51EB3}.Debug|x64.Build.0 = Debug|Any CPU
		{74D2D0D1-F20B-4975-92CC-97D3AFD51EB3}.Debug|x86.ActiveCfg = Debug|Any CPU
		{74D2D0D1-F20B-4975-92CC-97D3AFD51EB3}.Debug|x86.Build.0 = Debug|Any CPU
		{74D2D0D1-F20B-4975-92CC-97D3AFD51EB3}.Release|Any CPU.ActiveCfg = Release|Any CPU
		{74D2D0D1-F20B-4975-92CC-97D3AFD51EB3}.Release|Any CPU.Build.0 = Release|Any CPU
		{74D2D0D1-F20B-4975-92CC-97D3AFD51EB3}.Release|x64.ActiveCfg = Release|Any CPU
		{74D2D0D1-F20B-4975-92CC-97D3AFD51EB3}.Release|x64.Build.0 = Release|Any CPU
		{74D2D0D1-F20B-4975-92CC-97D3AFD51EB3}.Release|x86.ActiveCfg = Release|Any CPU
		{74D2D0D1-F20B-4975-92CC-97D3AFD51EB3}.Release|x86.Build.0 = Release|Any CPU
		{F1F62B72-65F7-46C4-A0DC-45FAA4CEE875}.Debug|Any CPU.ActiveCfg = Debug|Any CPU
		{F1F62B72-65F7-46C4-A0DC-45FAA4CEE875}.Debug|Any CPU.Build.0 = Debug|Any CPU
		{F1F62B72-65F7-46C4-A0DC-45FAA4CEE875}.Debug|x64.ActiveCfg = Debug|Any CPU
		{F1F62B72-65F7-46C4-A0DC-45FAA4CEE875}.Debug|x64.Build.0 = Debug|Any CPU
		{F1F62B72-65F7-46C4-A0DC-45FAA4CEE875}.Debug|x86.ActiveCfg = Debug|Any CPU
		{F1F62B72-65F7-46C4-A0DC-45FAA4CEE875}.Debug|x86.Build.0 = Debug|Any CPU
		{F1F62B72-65F7-46C4-A0DC-45FAA4CEE875}.Release|Any CPU.ActiveCfg = Release|Any CPU
		{F1F62B72-65F7-46C4-A0DC-45FAA4CEE875}.Release|Any CPU.Build.0 = Release|Any CPU
		{F1F62B72-65F7-46C4-A0DC-45FAA4CEE875}.Release|x64.ActiveCfg = Release|Any CPU
		{F1F62B72-65F7-46C4-A0DC-45FAA4CEE875}.Release|x64.Build.0 = Release|Any CPU
		{F1F62B72-65F7-46C4-A0DC-45FAA4CEE875}.Release|x86.ActiveCfg = Release|Any CPU
		{F1F62B72-65F7-46C4-A0DC-45FAA4CEE875}.Release|x86.Build.0 = Release|Any CPU
		{30ED1D67-410D-4990-8094-153B89A0FFE4}.Debug|Any CPU.ActiveCfg = Debug|Any CPU
		{30ED1D67-410D-4990-8094-153B89A0FFE4}.Debug|Any CPU.Build.0 = Debug|Any CPU
		{30ED1D67-410D-4990-8094-153B89A0FFE4}.Debug|x64.ActiveCfg = Debug|Any CPU
		{30ED1D67-410D-4990-8094-153B89A0FFE4}.Debug|x64.Build.0 = Debug|Any CPU
		{30ED1D67-410D-4990-8094-153B89A0FFE4}.Debug|x86.ActiveCfg = Debug|Any CPU
		{30ED1D67-410D-4990-8094-153B89A0FFE4}.Debug|x86.Build.0 = Debug|Any CPU
		{30ED1D67-410D-4990-8094-153B89A0FFE4}.Release|Any CPU.ActiveCfg = Release|Any CPU
		{30ED1D67-410D-4990-8094-153B89A0FFE4}.Release|Any CPU.Build.0 = Release|Any CPU
		{30ED1D67-410D-4990-8094-153B89A0FFE4}.Release|x64.ActiveCfg = Release|Any CPU
		{30ED1D67-410D-4990-8094-153B89A0FFE4}.Release|x64.Build.0 = Release|Any CPU
		{30ED1D67-410D-4990-8094-153B89A0FFE4}.Release|x86.ActiveCfg = Release|Any CPU
		{30ED1D67-410D-4990-8094-153B89A0FFE4}.Release|x86.Build.0 = Release|Any CPU
		{7BEAC15D-06B3-4C8E-B580-6A7127530054}.Debug|Any CPU.ActiveCfg = Debug|Any CPU
		{7BEAC15D-06B3-4C8E-B580-6A7127530054}.Debug|Any CPU.Build.0 = Debug|Any CPU
		{7BEAC15D-06B3-4C8E-B580-6A7127530054}.Debug|x64.ActiveCfg = Debug|Any CPU
		{7BEAC15D-06B3-4C8E-B580-6A7127530054}.Debug|x64.Build.0 = Debug|Any CPU
		{7BEAC15D-06B3-4C8E-B580-6A7127530054}.Debug|x86.ActiveCfg = Debug|Any CPU
		{7BEAC15D-06B3-4C8E-B580-6A7127530054}.Debug|x86.Build.0 = Debug|Any CPU
		{7BEAC15D-06B3-4C8E-B580-6A7127530054}.Release|Any CPU.ActiveCfg = Release|Any CPU
		{7BEAC15D-06B3-4C8E-B580-6A7127530054}.Release|Any CPU.Build.0 = Release|Any CPU
		{7BEAC15D-06B3-4C8E-B580-6A7127530054}.Release|x64.ActiveCfg = Release|Any CPU
		{7BEAC15D-06B3-4C8E-B580-6A7127530054}.Release|x64.Build.0 = Release|Any CPU
		{7BEAC15D-06B3-4C8E-B580-6A7127530054}.Release|x86.ActiveCfg = Release|Any CPU
		{7BEAC15D-06B3-4C8E-B580-6A7127530054}.Release|x86.Build.0 = Release|Any CPU
	EndGlobalSection
	GlobalSection(SolutionProperties) = preSolution
		HideSolutionNode = FALSE
	EndGlobalSection
	GlobalSection(ExtensibilityGlobals) = postSolution
		SolutionGuid = {2F3ADEF6-9B32-461F-A57C-90850CE8ED53}
	EndGlobalSection
	GlobalSection(NestedProjects) = preSolution
		{4F4161A0-EF97-4758-97F0-6A2166254C16} = {A1811128-D03F-4732-9AEE-667264710B07}
		{30ED1D67-410D-4990-8094-153B89A0FFE4} = {A1811128-D03F-4732-9AEE-667264710B07}
		{7BEAC15D-06B3-4C8E-B580-6A7127530054} = {A1811128-D03F-4732-9AEE-667264710B07}
	EndGlobalSection
EndGlobal
